
Microsoft Visual Studio Solution File, Format Version 12.00
# Visual Studio Version 16
VisualStudioVersion = 16.0.30717.126
MinimumVisualStudioVersion = 10.0.40219.1
Project("{FAE04EC0-301F-11D3-BF4B-00C04F79EFBC}") = "CSharp9NorthDallas", "CSharp9NorthDallas\CSharp9NorthDallas.csproj", "{1886A3F9-895F-4C77-A930-905C2E2672C1}"
EndProject
Global
	GlobalSection(SolutionConfigurationPlatforms) = preSolution
		Debug|Any CPU = Debug|Any CPU
		Release|Any CPU = Release|Any CPU
	EndGlobalSection
	GlobalSection(ProjectConfigurationPlatforms) = postSolution
		{1886A3F9-895F-4C77-A930-905C2E2672C1}.Debug|Any CPU.ActiveCfg = Debug|Any CPU
		{1886A3F9-895F-4C77-A930-905C2E2672C1}.Debug|Any CPU.Build.0 = Debug|Any CPU
		{1886A3F9-895F-4C77-A930-905C2E2672C1}.Release|Any CPU.ActiveCfg = Release|Any CPU
		{1886A3F9-895F-4C77-A930-905C2E2672C1}.Release|Any CPU.Build.0 = Release|Any CPU
	EndGlobalSection
	GlobalSection(SolutionProperties) = preSolution
		HideSolutionNode = FALSE
	EndGlobalSection
	GlobalSection(ExtensibilityGlobals) = postSolution
		SolutionGuid = {870CB36A-A284-428A-A547-015FAAF9B670}
	EndGlobalSection
EndGlobal
